
Microsoft Visual Studio Solution File, Format Version 12.00
# Visual Studio Version 16
VisualStudioVersion = 16.0.30204.135
MinimumVisualStudioVersion = 10.0.40219.1
Project("{FAE04EC0-301F-11D3-BF4B-00C04F79EFBC}") = "RzaolyScan.Android", "RzaolyScan\RzaolyScan.Android\RzaolyScan.Android.csproj", "{53CE45C4-651F-4CDE-A90B-D45E3780939E}"
EndProject
Project("{FAE04EC0-301F-11D3-BF4B-00C04F79EFBC}") = "RzaolyScan.iOS", "RzaolyScan\RzaolyScan.iOS\RzaolyScan.iOS.csproj", "{569383B6-B588-41D3-AC4B-5C060AE233D0}"
EndProject
Project("{FAE04EC0-301F-11D3-BF4B-00C04F79EFBC}") = "RzaolyScan", "RzaolyScan\RzaolyScan\RzaolyScan.csproj", "{AFAF37DE-E717-435A-9B9E-732364CD8577}"
EndProject
Global
	GlobalSection(SolutionConfigurationPlatforms) = preSolution
		Debug|Any CPU = Debug|Any CPU
		Debug|iPhone = Debug|iPhone
		Debug|iPhoneSimulator = Debug|iPhoneSimulator
		Release|Any CPU = Release|Any CPU
		Release|iPhone = Release|iPhone
		Release|iPhoneSimulator = Release|iPhoneSimulator
	EndGlobalSection
	GlobalSection(ProjectConfigurationPlatforms) = postSolution
		{53CE45C4-651F-4CDE-A90B-D45E3780939E}.Debug|Any CPU.ActiveCfg = Debug|Any CPU
		{53CE45C4-651F-4CDE-A90B-D45E3780939E}.Debug|Any CPU.Build.0 = Debug|Any CPU
		{53CE45C4-651F-4CDE-A90B-D45E3780939E}.Debug|Any CPU.Deploy.0 = Debug|Any CPU
		{53CE45C4-651F-4CDE-A90B-D45E3780939E}.Debug|iPhone.ActiveCfg = Debug|Any CPU
		{53CE45C4-651F-4CDE-A90B-D45E3780939E}.Debug|iPhone.Build.0 = Debug|Any CPU
		{53CE45C4-651F-4CDE-A90B-D45E3780939E}.Debug|iPhone.Deploy.0 = Debug|Any CPU
		{53CE45C4-651F-4CDE-A90B-D45E3780939E}.Debug|iPhoneSimulator.ActiveCfg = Debug|Any CPU
		{53CE45C4-651F-4CDE-A90B-D45E3780939E}.Debug|iPhoneSimulator.Build.0 = Debug|Any CPU
		{53CE45C4-651F-4CDE-A90B-D45E3780939E}.Debug|iPhoneSimulator.Deploy.0 = Debug|Any CPU
		{53CE45C4-651F-4CDE-A90B-D45E3780939E}.Release|Any CPU.ActiveCfg = Release|Any CPU
		{53CE45C4-651F-4CDE-A90B-D45E3780939E}.Release|Any CPU.Build.0 = Release|Any CPU
		{53CE45C4-651F-4CDE-A90B-D45E3780939E}.Release|Any CPU.Deploy.0 = Release|Any CPU
		{53CE45C4-651F-4CDE-A90B-D45E3780939E}.Release|iPhone.ActiveCfg = Release|Any CPU
		{53CE45C4-651F-4CDE-A90B-D45E3780939E}.Release|iPhone.Build.0 = Release|Any CPU
		{53CE45C4-651F-4CDE-A90B-D45E3780939E}.Release|iPhone.Deploy.0 = Release|Any CPU
		{53CE45C4-651F-4CDE-A90B-D45E3780939E}.Release|iPhoneSimulator.ActiveCfg = Release|Any CPU
		{53CE45C4-651F-4CDE-A90B-D45E3780939E}.Release|iPhoneSimulator.Build.0 = Release|Any CPU
		{53CE45C4-651F-4CDE-A90B-D45E3780939E}.Release|iPhoneSimulator.Deploy.0 = Release|Any CPU
		{569383B6-B588-41D3-AC4B-5C060AE233D0}.Debug|Any CPU.ActiveCfg = Debug|iPhone
		{569383B6-B588-41D3-AC4B-5C060AE233D0}.Debug|Any CPU.Build.0 = Debug|iPhone
		{569383B6-B588-41D3-AC4B-5C060AE233D0}.Debug|Any CPU.Deploy.0 = Debug|iPhone
		{569383B6-B588-41D3-AC4B-5C060AE233D0}.Debug|iPhone.ActiveCfg = Debug|iPhone
		{569383B6-B588-41D3-AC4B-5C060AE233D0}.Debug|iPhone.Build.0 = Debug|iPhone
		{569383B6-B588-41D3-AC4B-5C060AE233D0}.Debug|iPhone.Deploy.0 = Debug|iPhone
		{569383B6-B588-41D3-AC4B-5C060AE233D0}.Debug|iPhoneSimulator.ActiveCfg = Debug|iPhoneSimulator
		{569383B6-B588-41D3-AC4B-5C060AE233D0}.Debug|iPhoneSimulator.Build.0 = Debug|iPhoneSimulator
		{569383B6-B588-41D3-AC4B-5C060AE233D0}.Debug|iPhoneSimulator.Deploy.0 = Debug|iPhoneSimulator
		{569383B6-B588-41D3-AC4B-5C060AE233D0}.Release|Any CPU.ActiveCfg = Release|iPhone
		{569383B6-B588-41D3-AC4B-5C060AE233D0}.Release|Any CPU.Build.0 = Release|iPhone
		{569383B6-B588-41D3-AC4B-5C060AE233D0}.Release|Any CPU.Deploy.0 = Release|iPhone
		{569383B6-B588-41D3-AC4B-5C060AE233D0}.Release|iPhone.ActiveCfg = Release|iPhone
		{569383B6-B588-41D3-AC4B-5C060AE233D0}.Release|iPhone.Build.0 = Release|iPhone
		{569383B6-B588-41D3-AC4B-5C060AE233D0}.Release|iPhone.Deploy.0 = Release|iPhone
		{569383B6-B588-41D3-AC4B-5C060AE233D0}.Release|iPhoneSimulator.ActiveCfg = Release|iPhoneSimulator
		{569383B6-B588-41D3-AC4B-5C060AE233D0}.Release|iPhoneSimulator.Build.0 = Release|iPhoneSimulator
		{569383B6-B588-41D3-AC4B-5C060AE233D0}.Release|iPhoneSimulator.Deploy.0 = Release|iPhoneSimulator
		{AFAF37DE-E717-435A-9B9E-732364CD8577}.Debug|Any CPU.ActiveCfg = Debug|Any CPU
		{AFAF37DE-E717-435A-9B9E-732364CD8577}.Debug|Any CPU.Build.0 = Debug|Any CPU
		{AFAF37DE-E717-435A-9B9E-732364CD8577}.Debug|Any CPU.Deploy.0 = Debug|Any CPU
		{AFAF37DE-E717-435A-9B9E-732364CD8577}.Debug|iPhone.ActiveCfg = Debug|Any CPU
		{AFAF37DE-E717-435A-9B9E-732364CD8577}.Debug|iPhone.Build.0 = Debug|Any CPU
		{AFAF37DE-E717-435A-9B9E-732364CD8577}.Debug|iPhone.Deploy.0 = Debug|Any CPU
		{AFAF37DE-E717-435A-9B9E-732364CD8577}.Debug|iPhoneSimulator.ActiveCfg = Debug|Any CPU
		{AFAF37DE-E717-435A-9B9E-732364CD8577}.Debug|iPhoneSimulator.Build.0 = Debug|Any CPU
		{AFAF37DE-E717-435A-9B9E-732364CD8577}.Debug|iPhoneSimulator.Deploy.0 = Debug|Any CPU
		{AFAF37DE-E717-435A-9B9E-732364CD8577}.Release|Any CPU.ActiveCfg = Release|Any CPU
		{AFAF37DE-E717-435A-9B9E-732364CD8577}.Release|Any CPU.Build.0 = Release|Any CPU
		{AFAF37DE-E717-435A-9B9E-732364CD8577}.Release|Any CPU.Deploy.0 = Release|Any CPU
		{AFAF37DE-E717-435A-9B9E-732364CD8577}.Release|iPhone.ActiveCfg = Release|Any CPU
		{AFAF37DE-E717-435A-9B9E-732364CD8577}.Release|iPhone.Build.0 = Release|Any CPU
		{AFAF37DE-E717-435A-9B9E-732364CD8577}.Release|iPhone.Deploy.0 = Release|Any CPU
		{AFAF37DE-E717-435A-9B9E-732364CD8577}.Release|iPhoneSimulator.ActiveCfg = Release|Any CPU
		{AFAF37DE-E717-435A-9B9E-732364CD8577}.Release|iPhoneSimulator.Build.0 = Release|Any CPU
		{AFAF37DE-E717-435A-9B9E-732364CD8577}.Release|iPhoneSimulator.Deploy.0 = Release|Any CPU
	EndGlobalSection
	GlobalSection(SolutionProperties) = preSolution
		HideSolutionNode = FALSE
	EndGlobalSection
	GlobalSection(ExtensibilityGlobals) = postSolution
		SolutionGuid = {465DDEFE-7DCC-40EA-99E5-542562B6168F}
	EndGlobalSection
EndGlobal
